
Microsoft Visual Studio Solution File, Format Version 12.00
# Visual Studio 15
VisualStudioVersion = 15.0.28307.852
MinimumVisualStudioVersion = 10.0.40219.1
Project("{F184B08F-C81C-45F6-A57F-5ABD9991F28F}") = "CoolUi", "CoolUi\CoolUi.vbproj", "{0647C5EC-475A-4819-8569-2D1E8BC5A981}"
EndProject
Global
	GlobalSection(SolutionConfigurationPlatforms) = preSolution
		Debug|Any CPU = Debug|Any CPU
		Release|Any CPU = Release|Any CPU
	EndGlobalSection
	GlobalSection(ProjectConfigurationPlatforms) = postSolution
		{0647C5EC-475A-4819-8569-2D1E8BC5A981}.Debug|Any CPU.ActiveCfg = Debug|Any CPU
		{0647C5EC-475A-4819-8569-2D1E8BC5A981}.Debug|Any CPU.Build.0 = Debug|Any CPU
		{0647C5EC-475A-4819-8569-2D1E8BC5A981}.Release|Any CPU.ActiveCfg = Release|Any CPU
		{0647C5EC-475A-4819-8569-2D1E8BC5A981}.Release|Any CPU.Build.0 = Release|Any CPU
	EndGlobalSection
	GlobalSection(SolutionProperties) = preSolution
		HideSolutionNode = FALSE
	EndGlobalSection
	GlobalSection(ExtensibilityGlobals) = postSolution
		SolutionGuid = {0791CABB-5C0A-49D9-A0D2-DD1A359242E4}
	EndGlobalSection
EndGlobal
